// !$*UTF8*$!
{
	archiveVersion = 1;
	classes = {
	};
	objectVersion = 50;
	objects = {

/* Begin PBXBuildFile section */
		8C7C141824D2F9CC0096E060 /* RollView.swift in Sources */ = {isa = PBXBuildFile; fileRef = 8C7C141724D2F9CC0096E060 /* RollView.swift */; };
		8C7C141A24D2F9F80096E060 /* ScoresView.swift in Sources */ = {isa = PBXBuildFile; fileRef = 8C7C141924D2F9F80096E060 /* ScoresView.swift */; };
		8CE3720E24D04370007F2F49 /* AppDelegate.swift in Sources */ = {isa = PBXBuildFile; fileRef = 8CE3720D24D04370007F2F49 /* AppDelegate.swift */; };
		8CE3721024D04370007F2F49 /* SceneDelegate.swift in Sources */ = {isa = PBXBuildFile; fileRef = 8CE3720F24D04370007F2F49 /* SceneDelegate.swift */; };
		8CE3721324D04370007F2F49 /* RollTheDice.xcdatamodeld in Sources */ = {isa = PBXBuildFile; fileRef = 8CE3721124D04370007F2F49 /* RollTheDice.xcdatamodeld */; };
		8CE3721524D04370007F2F49 /* ContentView.swift in Sources */ = {isa = PBXBuildFile; fileRef = 8CE3721424D04370007F2F49 /* ContentView.swift */; };
		8CE3721724D04374007F2F49 /* Assets.xcassets in Resources */ = {isa = PBXBuildFile; fileRef = 8CE3721624D04374007F2F49 /* Assets.xcassets */; };
		8CE3721A24D04374007F2F49 /* Preview Assets.xcassets in Resources */ = {isa = PBXBuildFile; fileRef = 8CE3721924D04374007F2F49 /* Preview Assets.xcassets */; };
		8CE3721D24D04374007F2F49 /* LaunchScreen.storyboard in Resources */ = {isa = PBXBuildFile; fileRef = 8CE3721B24D04374007F2F49 /* LaunchScreen.storyboard */; };
/* End PBXBuildFile section */

/* Begin PBXFileReference section */
		8C7C141724D2F9CC0096E060 /* RollView.swift */ = {isa = PBXFileReference; lastKnownFileType = sourcecode.swift; path = RollView.swift; sourceTree = "<group>"; };
		8C7C141924D2F9F80096E060 /* ScoresView.swift */ = {isa = PBXFileReference; lastKnownFileType = sourcecode.swift; path = ScoresView.swift; sourceTree = "<group>"; };
		8CE3720A24D04370007F2F49 /* RollTheDice.app */ = {isa = PBXFileReference; explicitFileType = wrapper.application; includeInIndex = 0; path = RollTheDice.app; sourceTree = BUILT_PRODUCTS_DIR; };
		8CE3720D24D04370007F2F49 /* AppDelegate.swift */ = {isa = PBXFileReference; lastKnownFileType = sourcecode.swift; path = AppDelegate.swift; sourceTree = "<group>"; };
		8CE3720F24D04370007F2F49 /* SceneDelegate.swift */ = {isa = PBXFileReference; lastKnownFileType = sourcecode.swift; path = SceneDelegate.swift; sourceTree = "<group>"; };
		8CE3721224D04370007F2F49 /* RollTheDice.xcdatamodel */ = {isa = PBXFileReference; lastKnownFileType = wrapper.xcdatamodel; path = RollTheDice.xcdatamodel; sourceTree = "<group>"; };
		8CE3721424D04370007F2F49 /* ContentView.swift */ = {isa = PBXFileReference; lastKnownFileType = sourcecode.swift; path = ContentView.swift; sourceTree = "<group>"; };
		8CE3721624D04374007F2F49 /* Assets.xcassets */ = {isa = PBXFileReference; lastKnownFileType = folder.assetcatalog; path = Assets.xcassets; sourceTree = "<group>"; };
		8CE3721924D04374007F2F49 /* Preview Assets.xcassets */ = {isa = PBXFileReference; lastKnownFileType = folder.assetcatalog; path = "Preview Assets.xcassets"; sourceTree = "<group>"; };
		8CE3721C24D04374007F2F49 /* Base */ = {isa = PBXFileReference; lastKnownFileType = file.storyboard; name = Base; path = Base.lproj/LaunchScreen.storyboard; sourceTree = "<group>"; };
		8CE3721E24D04374007F2F49 /* Info.plist */ = {isa = PBXFileReference; lastKnownFileType = text.plist.xml; path = Info.plist; sourceTree = "<group>"; };
/* End PBXFileReference section */

/* Begin PBXFrameworksBuildPhase section */
		8CE3720724D04370007F2F49 /* Frameworks */ = {
			isa = PBXFrameworksBuildPhase;
			buildActionMask = 2147483647;
			files = (
			);
			runOnlyForDeploymentPostprocessing = 0;
		};
/* End PBXFrameworksBuildPhase section */

/* Begin PBXGroup section */
		8CE3720124D04370007F2F49 = {
			isa = PBXGroup;
			children = (
				8CE3720C24D04370007F2F49 /* RollTheDice */,
				8CE3720B24D04370007F2F49 /* Products */,
			);
			sourceTree = "<group>";
		};
		8CE3720B24D04370007F2F49 /* Products */ = {
			isa = PBXGroup;
			children = (
				8CE3720A24D04370007F2F49 /* RollTheDice.app */,
			);
			name = Products;
			sourceTree = "<group>";
		};
		8CE3720C24D04370007F2F49 /* RollTheDice */ = {
			isa = PBXGroup;
			children = (
				8CE3720D24D04370007F2F49 /* AppDelegate.swift */,
				8CE3720F24D04370007F2F49 /* SceneDelegate.swift */,
				8CE3721424D04370007F2F49 /* ContentView.swift */,
				8C7C141724D2F9CC0096E060 /* RollView.swift */,
				8C7C141924D2F9F80096E060 /* ScoresView.swift */,
				8CE3721624D04374007F2F49 /* Assets.xcassets */,
				8CE3721B24D04374007F2F49 /* LaunchScreen.storyboard */,
				8CE3721E24D04374007F2F49 /* Info.plist */,
				8CE3721124D04370007F2F49 /* RollTheDice.xcdatamodeld */,
				8CE3721824D04374007F2F49 /* Preview Content */,
			);
			path = RollTheDice;
			sourceTree = "<group>";
		};
		8CE3721824D04374007F2F49 /* Preview Content */ = {
			isa = PBXGroup;
			children = (
				8CE3721924D04374007F2F49 /* Preview Assets.xcassets */,
			);
			path = "Preview Content";
			sourceTree = "<group>";
		};
/* End PBXGroup section */

/* Begin PBXNativeTarget section */
		8CE3720924D04370007F2F49 /* RollTheDice */ = {
			isa = PBXNativeTarget;
			buildConfigurationList = 8CE3722124D04374007F2F49 /* Build configuration list for PBXNativeTarget "RollTheDice" */;
			buildPhases = (
				8CE3720624D04370007F2F49 /* Sources */,
				8CE3720724D04370007F2F49 /* Frameworks */,
				8CE3720824D04370007F2F49 /* Resources */,
			);
			buildRules = (
			);
			dependencies = (
			);
			name = RollTheDice;
			productName = RollTheDice;
			productReference = 8CE3720A24D04370007F2F49 /* RollTheDice.app */;
			productType = "com.apple.product-type.application";
		};
/* End PBXNativeTarget section */

/* Begin PBXProject section */
		8CE3720224D04370007F2F49 /* Project object */ = {
			isa = PBXProject;
			attributes = {
				LastSwiftUpdateCheck = 1160;
				LastUpgradeCheck = 1160;
				ORGANIZATIONNAME = "Cathal Farrell";
				TargetAttributes = {
					8CE3720924D04370007F2F49 = {
						CreatedOnToolsVersion = 11.6;
					};
				};
			};
			buildConfigurationList = 8CE3720524D04370007F2F49 /* Build configuration list for PBXProject "RollTheDice" */;
			compatibilityVersion = "Xcode 9.3";
			developmentRegion = en;
			hasScannedForEncodings = 0;
			knownRegions = (
				en,
				Base,
			);
			mainGroup = 8CE3720124D04370007F2F49;
			productRefGroup = 8CE3720B24D04370007F2F49 /* Products */;
			projectDirPath = "";
			projectRoot = "";
			targets = (
				8CE3720924D04370007F2F49 /* RollTheDice */,
			);
		};
/* End PBXProject section */

/* Begin PBXResourcesBuildPhase section */
		8CE3720824D04370007F2F49 /* Resources */ = {
			isa = PBXResourcesBuildPhase;
			buildActionMask = 2147483647;
			files = (
				8CE3721D24D04374007F2F49 /* LaunchScreen.storyboard in Resources */,
				8CE3721A24D04374007F2F49 /* Preview Assets.xcassets in Resources */,
				8CE3721724D04374007F2F49 /* Assets.xcassets in Resources */,
			);
			runOnlyForDeploymentPostprocessing = 0;
		};
/* End PBXResourcesBuildPhase section */

/* Begin PBXSourcesBuildPhase section */
		8CE3720624D04370007F2F49 /* Sources */ = {
			isa = PBXSourcesBuildPhase;
			buildActionMask = 2147483647;
			files = (
				8CE3720E24D04370007F2F49 /* AppDelegate.swift in Sources */,
				8C7C141A24D2F9F80096E060 /* ScoresView.swift in Sources */,
				8CE3721024D04370007F2F49 /* SceneDelegate.swift in Sources */,
				8C7C141824D2F9CC0096E060 /* RollView.swift in Sources */,
				8CE3721524D04370007F2F49 /* ContentView.swift in Sources */,
				8CE3721324D04370007F2F49 /* RollTheDice.xcdatamodeld in Sources */,
			);
			runOnlyForDeploymentPostprocessing = 0;
		};
/* End PBXSourcesBuildPhase section */

/* Begin PBXVariantGroup section */
		8CE3721B24D04374007F2F49 /* LaunchScreen.storyboard */ = {
			isa = PBXVariantGroup;
			children = (
				8CE3721C24D04374007F2F49 /* Base */,
			);
			name = LaunchScreen.storyboard;
			sourceTree = "<group>";
		};
/* End PBXVariantGroup section */

/* Begin XCBuildConfiguration section */
		8CE3721F24D04374007F2F49 /* Debug */ = {
			isa = XCBuildConfiguration;
			buildSettings = {
				ALWAYS_SEARCH_USER_PATHS = NO;
				CLANG_ANALYZER_NONNULL = YES;
				CLANG_ANALYZER_NUMBER_OBJECT_CONVERSION = YES_AGGRESSIVE;
				CLANG_CXX_LANGUAGE_STANDARD = "gnu++14";
				CLANG_CXX_LIBRARY = "libc++";
				CLANG_ENABLE_MODULES = YES;
				CLANG_ENABLE_OBJC_ARC = YES;
				CLANG_ENABLE_OBJC_WEAK = YES;
				CLANG_WARN_BLOCK_CAPTURE_AUTORELEASING = YES;
				CLANG_WARN_BOOL_CONVERSION = YES;
				CLANG_WARN_COMMA = YES;
				CLANG_WARN_CONSTANT_CONVERSION = YES;
				CLANG_WARN_DEPRECATED_OBJC_IMPLEMENTATIONS = YES;
				CLANG_WARN_DIRECT_OBJC_ISA_USAGE = YES_ERROR;
				CLANG_WARN_DOCUMENTATION_COMMENTS = YES;
				CLANG_WARN_EMPTY_BODY = YES;
				CLANG_WARN_ENUM_CONVERSION = YES;
				CLANG_WARN_INFINITE_RECURSION = YES;
				CLANG_WARN_INT_CONVERSION = YES;
				CLANG_WARN_NON_LITERAL_NULL_CONVERSION = YES;
				CLANG_WARN_OBJC_IMPLICIT_RETAIN_SELF = YES;
				CLANG_WARN_OBJC_LITERAL_CONVERSION = YES;
				CLANG_WARN_OBJC_ROOT_CLASS = YES_ERROR;
				CLANG_WARN_RANGE_LOOP_ANALYSIS = YES;
				CLANG_WARN_STRICT_PROTOTYPES = YES;
				CLANG_WARN_SUSPICIOUS_MOVE = YES;
				CLANG_WARN_UNGUARDED_AVAILABILITY = YES_AGGRESSIVE;
				CLANG_WARN_UNREACHABLE_CODE = YES;
				CLANG_WARN__DUPLICATE_METHOD_MATCH = YES;
				COPY_PHASE_STRIP = NO;
				DEBUG_INFORMATION_FORMAT = dwarf;
				ENABLE_STRICT_OBJC_MSGSEND = YES;
				ENABLE_TESTABILITY = YES;
				GCC_C_LANGUAGE_STANDARD = gnu11;
				GCC_DYNAMIC_NO_PIC = NO;
				GCC_NO_COMMON_BLOCKS = YES;
				GCC_OPTIMIZATION_LEVEL = 0;
				GCC_PREPROCESSOR_DEFINITIONS = (
					"DEBUG=1",
					"$(inherited)",
				);
				GCC_WARN_64_TO_32_BIT_CONVERSION = YES;
				GCC_WARN_ABOUT_RETURN_TYPE = YES_ERROR;
				GCC_WARN_UNDECLARED_SELECTOR = YES;
				GCC_WARN_UNINITIALIZED_AUTOS = YES_AGGRESSIVE;
				GCC_WARN_UNUSED_FUNCTION = YES;
				GCC_WARN_UNUSED_VARIABLE = YES;
				IPHONEOS_DEPLOYMENT_TARGET = 13.6;
				MTL_ENABLE_DEBUG_INFO = INCLUDE_SOURCE;
				MTL_FAST_MATH = YES;
				ONLY_ACTIVE_ARCH = YES;
				SDKROOT = iphoneos;
				SWIFT_ACTIVE_COMPILATION_CONDITIONS = DEBUG;
				SWIFT_OPTIMIZATION_LEVEL = "-Onone";
			};
			name = Debug;
		};
		8CE3722024D04374007F2F49 /* Release */ = {
			isa = XCBuildConfiguration;
			buildSettings = {
				ALWAYS_SEARCH_USER_PATHS = NO;
				CLANG_ANALYZER_NONNULL = YES;
				CLANG_ANALYZER_NUMBER_OBJECT_CONVERSION = YES_AGGRESSIVE;
				CLANG_CXX_LANGUAGE_STANDARD = "gnu++14";
				CLANG_CXX_LIBRARY = "libc++";
				CLANG_ENABLE_MODULES = YES;
				CLANG_ENABLE_OBJC_ARC = YES;
				CLANG_ENABLE_OBJC_WEAK = YES;
				CLANG_WARN_BLOCK_CAPTURE_AUTORELEASING = YES;
				CLANG_WARN_BOOL_CONVERSION = YES;
				CLANG_WARN_COMMA = YES;
				CLANG_WARN_CONSTANT_CONVERSION = YES;
				CLANG_WARN_DEPRECATED_OBJC_IMPLEMENTATIONS = YES;
				CLANG_WARN_DIRECT_OBJC_ISA_USAGE = YES_ERROR;
				CLANG_WARN_DOCUMENTATION_COMMENTS = YES;
				CLANG_WARN_EMPTY_BODY = YES;
				CLANG_WARN_ENUM_CONVERSION = YES;
				CLANG_WARN_INFINITE_RECURSION = YES;
				CLANG_WARN_INT_CONVERSION = YES;
				CLANG_WARN_NON_LITERAL_NULL_CONVERSION = YES;
				CLANG_WARN_OBJC_IMPLICIT_RETAIN_SELF = YES;
				CLANG_WARN_OBJC_LITERAL_CONVERSION = YES;
				CLANG_WARN_OBJC_ROOT_CLASS = YES_ERROR;
				CLANG_WARN_RANGE_LOOP_ANALYSIS = YES;
				CLANG_WARN_STRICT_PROTOTYPES = YES;
				CLANG_WARN_SUSPICIOUS_MOVE = YES;
				CLANG_WARN_UNGUARDED_AVAILABILITY = YES_AGGRESSIVE;
				CLANG_WARN_UNREACHABLE_CODE = YES;
				CLANG_WARN__DUPLICATE_METHOD_MATCH = YES;
				COPY_PHASE_STRIP = NO;
				DEBUG_INFORMATION_FORMAT = "dwarf-with-dsym";
				ENABLE_NS_ASSERTIONS = NO;
				ENABLE_STRICT_OBJC_MSGSEND = YES;
				GCC_C_LANGUAGE_STANDARD = gnu11;
				GCC_NO_COMMON_BLOCKS = YES;
				GCC_WARN_64_TO_32_BIT_CONVERSION = YES;
				GCC_WARN_ABOUT_RETURN_TYPE = YES_ERROR;
				GCC_WARN_UNDECLARED_SELECTOR = YES;
				GCC_WARN_UNINITIALIZED_AUTOS = YES_AGGRESSIVE;
				GCC_WARN_UNUSED_FUNCTION = YES;
				GCC_WARN_UNUSED_VARIABLE = YES;
				IPHONEOS_DEPLOYMENT_TARGET = 13.6;
				MTL_ENABLE_DEBUG_INFO = NO;
				MTL_FAST_MATH = YES;
				SDKROOT = iphoneos;
				SWIFT_COMPILATION_MODE = wholemodule;
				SWIFT_OPTIMIZATION_LEVEL = "-O";
				VALIDATE_PRODUCT = YES;
			};
			name = Release;
		};
		8CE3722224D04374007F2F49 /* Debug */ = {
			isa = XCBuildConfiguration;
			buildSettings = {
				ASSETCATALOG_COMPILER_APPICON_NAME = AppIcon;
				CODE_SIGN_STYLE = Automatic;
				DEVELOPMENT_ASSET_PATHS = "\"RollTheDice/Preview Content\"";
				DEVELOPMENT_TEAM = 6SGA66BV7F;
				ENABLE_PREVIEWS = YES;
				INFOPLIST_FILE = RollTheDice/Info.plist;
				LD_RUNPATH_SEARCH_PATHS = (
					"$(inherited)",
					"@executable_path/Frameworks",
				);
				PRODUCT_BUNDLE_IDENTIFIER = com.cathalfarrell.RollTheDice;
				PRODUCT_NAME = "$(TARGET_NAME)";
				SWIFT_VERSION = 5.0;
				TARGETED_DEVICE_FAMILY = "1,2";
			};
			name = Debug;
		};
		8CE3722324D04374007F2F49 /* Release */ = {
			isa = XCBuildConfiguration;
			buildSettings = {
				ASSETCATALOG_COMPILER_APPICON_NAME = AppIcon;
				CODE_SIGN_STYLE = Automatic;
				DEVELOPMENT_ASSET_PATHS = "\"RollTheDice/Preview Content\"";
				DEVELOPMENT_TEAM = 6SGA66BV7F;
				ENABLE_PREVIEWS = YES;
				INFOPLIST_FILE = RollTheDice/Info.plist;
				LD_RUNPATH_SEARCH_PATHS = (
					"$(inherited)",
					"@executable_path/Frameworks",
				);
				PRODUCT_BUNDLE_IDENTIFIER = com.cathalfarrell.RollTheDice;
				PRODUCT_NAME = "$(TARGET_NAME)";
				SWIFT_VERSION = 5.0;
				TARGETED_DEVICE_FAMILY = "1,2";
			};
			name = Release;
		};
/* End XCBuildConfiguration section */

/* Begin XCConfigurationList section */
		8CE3720524D04370007F2F49 /* Build configuration list for PBXProject "RollTheDice" */ = {
			isa = XCConfigurationList;
			buildConfigurations = (
				8CE3721F24D04374007F2F49 /* Debug */,
				8CE3722024D04374007F2F49 /* Release */,
			);
			defaultConfigurationIsVisible = 0;
			defaultConfigurationName = Release;
		};
		8CE3722124D04374007F2F49 /* Build configuration list for PBXNativeTarget "RollTheDice" */ = {
			isa = XCConfigurationList;
			buildConfigurations = (
				8CE3722224D04374007F2F49 /* Debug */,
				8CE3722324D04374007F2F49 /* Release */,
			);
			defaultConfigurationIsVisible = 0;
			defaultConfigurationName = Release;
		};
/* End XCConfigurationList section */

/* Begin XCVersionGroup section */
		8CE3721124D04370007F2F49 /* RollTheDice.xcdatamodeld */ = {
			isa = XCVersionGroup;
			children = (
				8CE3721224D04370007F2F49 /* RollTheDice.xcdatamodel */,
			);
			currentVersion = 8CE3721224D04370007F2F49 /* RollTheDice.xcdatamodel */;
			path = RollTheDice.xcdatamodeld;
			sourceTree = "<group>";
			versionGroupType = wrapper.xcdatamodel;
		};
/* End XCVersionGroup section */
	};
	rootObject = 8CE3720224D04370007F2F49 /* Project object */;
}
